
Microsoft Visual Studio Solution File, Format Version 12.00
Project("{FAE04EC0-301F-11D3-BF4B-00C04F79EFBC}") = "WebApi", "WebApi\WebApi.csproj", "{F7675FFE-DE37-4F6A-9BD9-3E46C0A23E6E}"
EndProject
Project("{FAE04EC0-301F-11D3-BF4B-00C04F79EFBC}") = "CommandService", "CommandService\CommandService.csproj", "{27B5858D-954B-4D52-87ED-CF7927C6F7E0}"
EndProject
Project("{FAE04EC0-301F-11D3-BF4B-00C04F79EFBC}") = "ConstantContent", "ConstantContent\ConstantContent.csproj", "{8FE810EC-2B77-4F5D-B238-7BA14863E121}"
EndProject
Project("{2150E333-8FDC-42A3-9474-1A3956D46DE8}") = "CQRS", "CQRS", "{631F601B-DE72-4189-83F1-B0DE72834F48}"
EndProject
Project("{FAE04EC0-301F-11D3-BF4B-00C04F79EFBC}") = "Commands", "CQRS\Commands\Commands.csproj", "{601243B2-2154-4B9D-B68E-BE97279448B6}"
EndProject
Project("{FAE04EC0-301F-11D3-BF4B-00C04F79EFBC}") = "ActorUtility", "ActorUtility\ActorUtility.csproj", "{E2B9FD1B-9AE3-41D8-9C2B-4C11EE0D0F93}"
EndProject
Project("{FAE04EC0-301F-11D3-BF4B-00C04F79EFBC}") = "Lighthouse", "Lighthouse\Lighthouse.csproj", "{D4F1BA06-C3E6-484F-8C45-F140CD4D745F}"
EndProject
Project("{FAE04EC0-301F-11D3-BF4B-00C04F79EFBC}") = "BusinessDomain", "BusinessDomain\BusinessDomain.csproj", "{B19B74F2-15C9-45CF-903E-F5758A2C3A3C}"
EndProject
Project("{FAE04EC0-301F-11D3-BF4B-00C04F79EFBC}") = "ApplicationService", "ApplicationService\ApplicationService.csproj", "{3DF6686B-C1AA-4870-AB9D-C50A3A13B421}"
EndProject
Global
	GlobalSection(SolutionConfigurationPlatforms) = preSolution
		Debug|Any CPU = Debug|Any CPU
		Release|Any CPU = Release|Any CPU
	EndGlobalSection
	GlobalSection(ProjectConfigurationPlatforms) = postSolution
		{F7675FFE-DE37-4F6A-9BD9-3E46C0A23E6E}.Debug|Any CPU.ActiveCfg = Debug|Any CPU
		{F7675FFE-DE37-4F6A-9BD9-3E46C0A23E6E}.Debug|Any CPU.Build.0 = Debug|Any CPU
		{F7675FFE-DE37-4F6A-9BD9-3E46C0A23E6E}.Release|Any CPU.ActiveCfg = Release|Any CPU
		{F7675FFE-DE37-4F6A-9BD9-3E46C0A23E6E}.Release|Any CPU.Build.0 = Release|Any CPU
		{27B5858D-954B-4D52-87ED-CF7927C6F7E0}.Debug|Any CPU.ActiveCfg = Debug|Any CPU
		{27B5858D-954B-4D52-87ED-CF7927C6F7E0}.Debug|Any CPU.Build.0 = Debug|Any CPU
		{27B5858D-954B-4D52-87ED-CF7927C6F7E0}.Release|Any CPU.ActiveCfg = Release|Any CPU
		{27B5858D-954B-4D52-87ED-CF7927C6F7E0}.Release|Any CPU.Build.0 = Release|Any CPU
		{8FE810EC-2B77-4F5D-B238-7BA14863E121}.Debug|Any CPU.ActiveCfg = Debug|Any CPU
		{8FE810EC-2B77-4F5D-B238-7BA14863E121}.Debug|Any CPU.Build.0 = Debug|Any CPU
		{8FE810EC-2B77-4F5D-B238-7BA14863E121}.Release|Any CPU.ActiveCfg = Release|Any CPU
		{8FE810EC-2B77-4F5D-B238-7BA14863E121}.Release|Any CPU.Build.0 = Release|Any CPU
		{601243B2-2154-4B9D-B68E-BE97279448B6}.Debug|Any CPU.ActiveCfg = Debug|Any CPU
		{601243B2-2154-4B9D-B68E-BE97279448B6}.Debug|Any CPU.Build.0 = Debug|Any CPU
		{601243B2-2154-4B9D-B68E-BE97279448B6}.Release|Any CPU.ActiveCfg = Release|Any CPU
		{601243B2-2154-4B9D-B68E-BE97279448B6}.Release|Any CPU.Build.0 = Release|Any CPU
		{E2B9FD1B-9AE3-41D8-9C2B-4C11EE0D0F93}.Debug|Any CPU.ActiveCfg = Debug|Any CPU
		{E2B9FD1B-9AE3-41D8-9C2B-4C11EE0D0F93}.Debug|Any CPU.Build.0 = Debug|Any CPU
		{E2B9FD1B-9AE3-41D8-9C2B-4C11EE0D0F93}.Release|Any CPU.ActiveCfg = Release|Any CPU
		{E2B9FD1B-9AE3-41D8-9C2B-4C11EE0D0F93}.Release|Any CPU.Build.0 = Release|Any CPU
		{D4F1BA06-C3E6-484F-8C45-F140CD4D745F}.Debug|Any CPU.ActiveCfg = Debug|Any CPU
		{D4F1BA06-C3E6-484F-8C45-F140CD4D745F}.Debug|Any CPU.Build.0 = Debug|Any CPU
		{D4F1BA06-C3E6-484F-8C45-F140CD4D745F}.Release|Any CPU.ActiveCfg = Release|Any CPU
		{D4F1BA06-C3E6-484F-8C45-F140CD4D745F}.Release|Any CPU.Build.0 = Release|Any CPU
		{B19B74F2-15C9-45CF-903E-F5758A2C3A3C}.Debug|Any CPU.ActiveCfg = Debug|Any CPU
		{B19B74F2-15C9-45CF-903E-F5758A2C3A3C}.Debug|Any CPU.Build.0 = Debug|Any CPU
		{B19B74F2-15C9-45CF-903E-F5758A2C3A3C}.Release|Any CPU.ActiveCfg = Release|Any CPU
		{B19B74F2-15C9-45CF-903E-F5758A2C3A3C}.Release|Any CPU.Build.0 = Release|Any CPU
		{3DF6686B-C1AA-4870-AB9D-C50A3A13B421}.Debug|Any CPU.ActiveCfg = Debug|Any CPU
		{3DF6686B-C1AA-4870-AB9D-C50A3A13B421}.Debug|Any CPU.Build.0 = Debug|Any CPU
		{3DF6686B-C1AA-4870-AB9D-C50A3A13B421}.Release|Any CPU.ActiveCfg = Release|Any CPU
		{3DF6686B-C1AA-4870-AB9D-C50A3A13B421}.Release|Any CPU.Build.0 = Release|Any CPU
	EndGlobalSection
	GlobalSection(NestedProjects) = preSolution
		{601243B2-2154-4B9D-B68E-BE97279448B6} = {631F601B-DE72-4189-83F1-B0DE72834F48}
	EndGlobalSection
EndGlobal
